
Microsoft Visual Studio Solution File, Format Version 12.00
# Visual Studio Version 17
VisualStudioVersion = 17.7.34031.279
MinimumVisualStudioVersion = 10.0.40219.1
Project("{FAE04EC0-301F-11D3-BF4B-00C04F79EFBC}") = "BANK ACCT VERSION 2 EDITED", "BANK ACCT VERSION 2 EDITED.csproj", "{FF36FC9F-B168-4BC3-BCCB-E626809537BE}"
EndProject
Global
	GlobalSection(SolutionConfigurationPlatforms) = preSolution
		Debug|Any CPU = Debug|Any CPU
		Release|Any CPU = Release|Any CPU
	EndGlobalSection
	GlobalSection(ProjectConfigurationPlatforms) = postSolution
		{FF36FC9F-B168-4BC3-BCCB-E626809537BE}.Debug|Any CPU.ActiveCfg = Debug|Any CPU
		{FF36FC9F-B168-4BC3-BCCB-E626809537BE}.Debug|Any CPU.Build.0 = Debug|Any CPU
		{FF36FC9F-B168-4BC3-BCCB-E626809537BE}.Release|Any CPU.ActiveCfg = Release|Any CPU
		{FF36FC9F-B168-4BC3-BCCB-E626809537BE}.Release|Any CPU.Build.0 = Release|Any CPU
	EndGlobalSection
	GlobalSection(SolutionProperties) = preSolution
		HideSolutionNode = FALSE
	EndGlobalSection
	GlobalSection(ExtensibilityGlobals) = postSolution
		SolutionGuid = {FE51B7A1-F3D7-4283-A300-7FAF141A039E}
	EndGlobalSection
EndGlobal
